
Microsoft Visual Studio Solution File, Format Version 12.00
# Visual Studio 15
VisualStudioVersion = 15.0.27004.2005
MinimumVisualStudioVersion = 10.0.40219.1
Project("{FAE04EC0-301F-11D3-BF4B-00C04F79EFBC}") = "Brugergrænseflade", "Brugergrænseflade\Brugergrænseflade.csproj", "{FBFDE134-3664-4BD0-8E34-C7FCE643F85E}"
EndProject
Global
	GlobalSection(SolutionConfigurationPlatforms) = preSolution
		Debug|Any CPU = Debug|Any CPU
		Release|Any CPU = Release|Any CPU
	EndGlobalSection
	GlobalSection(ProjectConfigurationPlatforms) = postSolution
		{FBFDE134-3664-4BD0-8E34-C7FCE643F85E}.Debug|Any CPU.ActiveCfg = Debug|Any CPU
		{FBFDE134-3664-4BD0-8E34-C7FCE643F85E}.Debug|Any CPU.Build.0 = Debug|Any CPU
		{FBFDE134-3664-4BD0-8E34-C7FCE643F85E}.Release|Any CPU.ActiveCfg = Release|Any CPU
		{FBFDE134-3664-4BD0-8E34-C7FCE643F85E}.Release|Any CPU.Build.0 = Release|Any CPU
	EndGlobalSection
	GlobalSection(SolutionProperties) = preSolution
		HideSolutionNode = FALSE
	EndGlobalSection
	GlobalSection(ExtensibilityGlobals) = postSolution
		SolutionGuid = {1808C96C-6607-431A-8DC8-C0F524AE7E82}
	EndGlobalSection
EndGlobal
